// !$*UTF8*$!
{
	archiveVersion = 1;
	classes = {
	};
	objectVersion = 50;
	objects = {

/* Begin PBXBuildFile section */
		39526CCF26E9824D00E6C4D3 /* AppDelegate.swift in Sources */ = {isa = PBXBuildFile; fileRef = 39526CCE26E9824D00E6C4D3 /* AppDelegate.swift */; };
		39526CD126E9824D00E6C4D3 /* SceneDelegate.swift in Sources */ = {isa = PBXBuildFile; fileRef = 39526CD026E9824D00E6C4D3 /* SceneDelegate.swift */; };
		39526CD326E9824D00E6C4D3 /* ViewController.swift in Sources */ = {isa = PBXBuildFile; fileRef = 39526CD226E9824D00E6C4D3 /* ViewController.swift */; };
		39526CD626E9824D00E6C4D3 /* Main.storyboard in Resources */ = {isa = PBXBuildFile; fileRef = 39526CD426E9824D00E6C4D3 /* Main.storyboard */; };
		39526CD826E9824F00E6C4D3 /* Assets.xcassets in Resources */ = {isa = PBXBuildFile; fileRef = 39526CD726E9824F00E6C4D3 /* Assets.xcassets */; };
		39526CDB26E9824F00E6C4D3 /* LaunchScreen.storyboard in Resources */ = {isa = PBXBuildFile; fileRef = 39526CD926E9824F00E6C4D3 /* LaunchScreen.storyboard */; };
		39526CE626E9824F00E6C4D3 /* MovieDBTests.swift in Sources */ = {isa = PBXBuildFile; fileRef = 39526CE526E9824F00E6C4D3 /* MovieDBTests.swift */; };
		39526CF126E9824F00E6C4D3 /* MovieDBUITests.swift in Sources */ = {isa = PBXBuildFile; fileRef = 39526CF026E9824F00E6C4D3 /* MovieDBUITests.swift */; };
/* End PBXBuildFile section */

/* Begin PBXContainerItemProxy section */
		39526CE226E9824F00E6C4D3 /* PBXContainerItemProxy */ = {
			isa = PBXContainerItemProxy;
			containerPortal = 39526CC326E9824D00E6C4D3 /* Project object */;
			proxyType = 1;
			remoteGlobalIDString = 39526CCA26E9824D00E6C4D3;
			remoteInfo = MovieDB;
		};
		39526CED26E9824F00E6C4D3 /* PBXContainerItemProxy */ = {
			isa = PBXContainerItemProxy;
			containerPortal = 39526CC326E9824D00E6C4D3 /* Project object */;
			proxyType = 1;
			remoteGlobalIDString = 39526CCA26E9824D00E6C4D3;
			remoteInfo = MovieDB;
		};
/* End PBXContainerItemProxy section */

/* Begin PBXFileReference section */
		39526CCB26E9824D00E6C4D3 /* MovieDB.app */ = {isa = PBXFileReference; explicitFileType = wrapper.application; includeInIndex = 0; path = MovieDB.app; sourceTree = BUILT_PRODUCTS_DIR; };
		39526CCE26E9824D00E6C4D3 /* AppDelegate.swift */ = {isa = PBXFileReference; lastKnownFileType = sourcecode.swift; path = AppDelegate.swift; sourceTree = "<group>"; };
		39526CD026E9824D00E6C4D3 /* SceneDelegate.swift */ = {isa = PBXFileReference; lastKnownFileType = sourcecode.swift; path = SceneDelegate.swift; sourceTree = "<group>"; };
		39526CD226E9824D00E6C4D3 /* ViewController.swift */ = {isa = PBXFileReference; lastKnownFileType = sourcecode.swift; path = ViewController.swift; sourceTree = "<group>"; };
		39526CD526E9824D00E6C4D3 /* Base */ = {isa = PBXFileReference; lastKnownFileType = file.storyboard; name = Base; path = Base.lproj/Main.storyboard; sourceTree = "<group>"; };
		39526CD726E9824F00E6C4D3 /* Assets.xcassets */ = {isa = PBXFileReference; lastKnownFileType = folder.assetcatalog; path = Assets.xcassets; sourceTree = "<group>"; };
		39526CDA26E9824F00E6C4D3 /* Base */ = {isa = PBXFileReference; lastKnownFileType = file.storyboard; name = Base; path = Base.lproj/LaunchScreen.storyboard; sourceTree = "<group>"; };
		39526CDC26E9824F00E6C4D3 /* Info.plist */ = {isa = PBXFileReference; lastKnownFileType = text.plist.xml; path = Info.plist; sourceTree = "<group>"; };
		39526CE126E9824F00E6C4D3 /* MovieDBTests.xctest */ = {isa = PBXFileReference; explicitFileType = wrapper.cfbundle; includeInIndex = 0; path = MovieDBTests.xctest; sourceTree = BUILT_PRODUCTS_DIR; };
		39526CE526E9824F00E6C4D3 /* MovieDBTests.swift */ = {isa = PBXFileReference; lastKnownFileType = sourcecode.swift; path = MovieDBTests.swift; sourceTree = "<group>"; };
		39526CE726E9824F00E6C4D3 /* Info.plist */ = {isa = PBXFileReference; lastKnownFileType = text.plist.xml; path = Info.plist; sourceTree = "<group>"; };
		39526CEC26E9824F00E6C4D3 /* MovieDBUITests.xctest */ = {isa = PBXFileReference; explicitFileType = wrapper.cfbundle; includeInIndex = 0; path = MovieDBUITests.xctest; sourceTree = BUILT_PRODUCTS_DIR; };
		39526CF026E9824F00E6C4D3 /* MovieDBUITests.swift */ = {isa = PBXFileReference; lastKnownFileType = sourcecode.swift; path = MovieDBUITests.swift; sourceTree = "<group>"; };
		39526CF226E9824F00E6C4D3 /* Info.plist */ = {isa = PBXFileReference; lastKnownFileType = text.plist.xml; path = Info.plist; sourceTree = "<group>"; };
/* End PBXFileReference section */

/* Begin PBXFrameworksBuildPhase section */
		39526CC826E9824D00E6C4D3 /* Frameworks */ = {
			isa = PBXFrameworksBuildPhase;
			buildActionMask = 2147483647;
			files = (
			);
			runOnlyForDeploymentPostprocessing = 0;
		};
		39526CDE26E9824F00E6C4D3 /* Frameworks */ = {
			isa = PBXFrameworksBuildPhase;
			buildActionMask = 2147483647;
			files = (
			);
			runOnlyForDeploymentPostprocessing = 0;
		};
		39526CE926E9824F00E6C4D3 /* Frameworks */ = {
			isa = PBXFrameworksBuildPhase;
			buildActionMask = 2147483647;
			files = (
			);
			runOnlyForDeploymentPostprocessing = 0;
		};
/* End PBXFrameworksBuildPhase section */

/* Begin PBXGroup section */
		39526CC226E9824D00E6C4D3 = {
			isa = PBXGroup;
			children = (
				39526CCD26E9824D00E6C4D3 /* MovieDB */,
				39526CE426E9824F00E6C4D3 /* MovieDBTests */,
				39526CEF26E9824F00E6C4D3 /* MovieDBUITests */,
				39526CCC26E9824D00E6C4D3 /* Products */,
			);
			sourceTree = "<group>";
		};
		39526CCC26E9824D00E6C4D3 /* Products */ = {
			isa = PBXGroup;
			children = (
				39526CCB26E9824D00E6C4D3 /* MovieDB.app */,
				39526CE126E9824F00E6C4D3 /* MovieDBTests.xctest */,
				39526CEC26E9824F00E6C4D3 /* MovieDBUITests.xctest */,
			);
			name = Products;
			sourceTree = "<group>";
		};
		39526CCD26E9824D00E6C4D3 /* MovieDB */ = {
			isa = PBXGroup;
			children = (
				39526CCE26E9824D00E6C4D3 /* AppDelegate.swift */,
				39526CD026E9824D00E6C4D3 /* SceneDelegate.swift */,
				39526CD226E9824D00E6C4D3 /* ViewController.swift */,
				39526CD426E9824D00E6C4D3 /* Main.storyboard */,
				39526CD726E9824F00E6C4D3 /* Assets.xcassets */,
				39526CD926E9824F00E6C4D3 /* LaunchScreen.storyboard */,
				39526CDC26E9824F00E6C4D3 /* Info.plist */,
			);
			path = MovieDB;
			sourceTree = "<group>";
		};
		39526CE426E9824F00E6C4D3 /* MovieDBTests */ = {
			isa = PBXGroup;
			children = (
				39526CE526E9824F00E6C4D3 /* MovieDBTests.swift */,
				39526CE726E9824F00E6C4D3 /* Info.plist */,
			);
			path = MovieDBTests;
			sourceTree = "<group>";
		};
		39526CEF26E9824F00E6C4D3 /* MovieDBUITests */ = {
			isa = PBXGroup;
			children = (
				39526CF026E9824F00E6C4D3 /* MovieDBUITests.swift */,
				39526CF226E9824F00E6C4D3 /* Info.plist */,
			);
			path = MovieDBUITests;
			sourceTree = "<group>";
		};
/* End PBXGroup section */

/* Begin PBXNativeTarget section */
		39526CCA26E9824D00E6C4D3 /* MovieDB */ = {
			isa = PBXNativeTarget;
			buildConfigurationList = 39526CF526E9824F00E6C4D3 /* Build configuration list for PBXNativeTarget "MovieDB" */;
			buildPhases = (
				39526CC726E9824D00E6C4D3 /* Sources */,
				39526CC826E9824D00E6C4D3 /* Frameworks */,
				39526CC926E9824D00E6C4D3 /* Resources */,
			);
			buildRules = (
			);
			dependencies = (
			);
			name = MovieDB;
			productName = MovieDB;
			productReference = 39526CCB26E9824D00E6C4D3 /* MovieDB.app */;
			productType = "com.apple.product-type.application";
		};
		39526CE026E9824F00E6C4D3 /* MovieDBTests */ = {
			isa = PBXNativeTarget;
			buildConfigurationList = 39526CF826E9824F00E6C4D3 /* Build configuration list for PBXNativeTarget "MovieDBTests" */;
			buildPhases = (
				39526CDD26E9824F00E6C4D3 /* Sources */,
				39526CDE26E9824F00E6C4D3 /* Frameworks */,
				39526CDF26E9824F00E6C4D3 /* Resources */,
			);
			buildRules = (
			);
			dependencies = (
				39526CE326E9824F00E6C4D3 /* PBXTargetDependency */,
			);
			name = MovieDBTests;
			productName = MovieDBTests;
			productReference = 39526CE126E9824F00E6C4D3 /* MovieDBTests.xctest */;
			productType = "com.apple.product-type.bundle.unit-test";
		};
		39526CEB26E9824F00E6C4D3 /* MovieDBUITests */ = {
			isa = PBXNativeTarget;
			buildConfigurationList = 39526CFB26E9824F00E6C4D3 /* Build configuration list for PBXNativeTarget "MovieDBUITests" */;
			buildPhases = (
				39526CE826E9824F00E6C4D3 /* Sources */,
				39526CE926E9824F00E6C4D3 /* Frameworks */,
				39526CEA26E9824F00E6C4D3 /* Resources */,
			);
			buildRules = (
			);
			dependencies = (
				39526CEE26E9824F00E6C4D3 /* PBXTargetDependency */,
			);
			name = MovieDBUITests;
			productName = MovieDBUITests;
			productReference = 39526CEC26E9824F00E6C4D3 /* MovieDBUITests.xctest */;
			productType = "com.apple.product-type.bundle.ui-testing";
		};
/* End PBXNativeTarget section */

/* Begin PBXProject section */
		39526CC326E9824D00E6C4D3 /* Project object */ = {
			isa = PBXProject;
			attributes = {
				LastSwiftUpdateCheck = 1250;
				LastUpgradeCheck = 1250;
				TargetAttributes = {
					39526CCA26E9824D00E6C4D3 = {
						CreatedOnToolsVersion = 12.5.1;
					};
					39526CE026E9824F00E6C4D3 = {
						CreatedOnToolsVersion = 12.5.1;
						TestTargetID = 39526CCA26E9824D00E6C4D3;
					};
					39526CEB26E9824F00E6C4D3 = {
						CreatedOnToolsVersion = 12.5.1;
						TestTargetID = 39526CCA26E9824D00E6C4D3;
					};
				};
			};
			buildConfigurationList = 39526CC626E9824D00E6C4D3 /* Build configuration list for PBXProject "MovieDB" */;
			compatibilityVersion = "Xcode 9.3";
			developmentRegion = en;
			hasScannedForEncodings = 0;
			knownRegions = (
				en,
				Base,
			);
			mainGroup = 39526CC226E9824D00E6C4D3;
			productRefGroup = 39526CCC26E9824D00E6C4D3 /* Products */;
			projectDirPath = "";
			projectRoot = "";
			targets = (
				39526CCA26E9824D00E6C4D3 /* MovieDB */,
				39526CE026E9824F00E6C4D3 /* MovieDBTests */,
				39526CEB26E9824F00E6C4D3 /* MovieDBUITests */,
			);
		};
/* End PBXProject section */

/* Begin PBXResourcesBuildPhase section */
		39526CC926E9824D00E6C4D3 /* Resources */ = {
			isa = PBXResourcesBuildPhase;
			buildActionMask = 2147483647;
			files = (
				39526CDB26E9824F00E6C4D3 /* LaunchScreen.storyboard in Resources */,
				39526CD826E9824F00E6C4D3 /* Assets.xcassets in Resources */,
				39526CD626E9824D00E6C4D3 /* Main.storyboard in Resources */,
			);
			runOnlyForDeploymentPostprocessing = 0;
		};
		39526CDF26E9824F00E6C4D3 /* Resources */ = {
			isa = PBXResourcesBuildPhase;
			buildActionMask = 2147483647;
			files = (
			);
			runOnlyForDeploymentPostprocessing = 0;
		};
		39526CEA26E9824F00E6C4D3 /* Resources */ = {
			isa = PBXResourcesBuildPhase;
			buildActionMask = 2147483647;
			files = (
			);
			runOnlyForDeploymentPostprocessing = 0;
		};
/* End PBXResourcesBuildPhase section */

/* Begin PBXSourcesBuildPhase section */
		39526CC726E9824D00E6C4D3 /* Sources */ = {
			isa = PBXSourcesBuildPhase;
			buildActionMask = 2147483647;
			files = (
				39526CD326E9824D00E6C4D3 /* ViewController.swift in Sources */,
				39526CCF26E9824D00E6C4D3 /* AppDelegate.swift in Sources */,
				39526CD126E9824D00E6C4D3 /* SceneDelegate.swift in Sources */,
			);
			runOnlyForDeploymentPostprocessing = 0;
		};
		39526CDD26E9824F00E6C4D3 /* Sources */ = {
			isa = PBXSourcesBuildPhase;
			buildActionMask = 2147483647;
			files = (
				39526CE626E9824F00E6C4D3 /* MovieDBTests.swift in Sources */,
			);
			runOnlyForDeploymentPostprocessing = 0;
		};
		39526CE826E9824F00E6C4D3 /* Sources */ = {
			isa = PBXSourcesBuildPhase;
			buildActionMask = 2147483647;
			files = (
				39526CF126E9824F00E6C4D3 /* MovieDBUITests.swift in Sources */,
			);
			runOnlyForDeploymentPostprocessing = 0;
		};
/* End PBXSourcesBuildPhase section */

/* Begin PBXTargetDependency section */
		39526CE326E9824F00E6C4D3 /* PBXTargetDependency */ = {
			isa = PBXTargetDependency;
			target = 39526CCA26E9824D00E6C4D3 /* MovieDB */;
			targetProxy = 39526CE226E9824F00E6C4D3 /* PBXContainerItemProxy */;
		};
		39526CEE26E9824F00E6C4D3 /* PBXTargetDependency */ = {
			isa = PBXTargetDependency;
			target = 39526CCA26E9824D00E6C4D3 /* MovieDB */;
			targetProxy = 39526CED26E9824F00E6C4D3 /* PBXContainerItemProxy */;
		};
/* End PBXTargetDependency section */

/* Begin PBXVariantGroup section */
		39526CD426E9824D00E6C4D3 /* Main.storyboard */ = {
			isa = PBXVariantGroup;
			children = (
				39526CD526E9824D00E6C4D3 /* Base */,
			);
			name = Main.storyboard;
			sourceTree = "<group>";
		};
		39526CD926E9824F00E6C4D3 /* LaunchScreen.storyboard */ = {
			isa = PBXVariantGroup;
			children = (
				39526CDA26E9824F00E6C4D3 /* Base */,
			);
			name = LaunchScreen.storyboard;
			sourceTree = "<group>";
		};
/* End PBXVariantGroup section */

/* Begin XCBuildConfiguration section */
		39526CF326E9824F00E6C4D3 /* Debug */ = {
			isa = XCBuildConfiguration;
			buildSettings = {
				ALWAYS_SEARCH_USER_PATHS = NO;
				CLANG_ANALYZER_NONNULL = YES;
				CLANG_ANALYZER_NUMBER_OBJECT_CONVERSION = YES_AGGRESSIVE;
				CLANG_CXX_LANGUAGE_STANDARD = "gnu++14";
				CLANG_CXX_LIBRARY = "libc++";
				CLANG_ENABLE_MODULES = YES;
				CLANG_ENABLE_OBJC_ARC = YES;
				CLANG_ENABLE_OBJC_WEAK = YES;
				CLANG_WARN_BLOCK_CAPTURE_AUTORELEASING = YES;
				CLANG_WARN_BOOL_CONVERSION = YES;
				CLANG_WARN_COMMA = YES;
				CLANG_WARN_CONSTANT_CONVERSION = YES;
				CLANG_WARN_DEPRECATED_OBJC_IMPLEMENTATIONS = YES;
				CLANG_WARN_DIRECT_OBJC_ISA_USAGE = YES_ERROR;
				CLANG_WARN_DOCUMENTATION_COMMENTS = YES;
				CLANG_WARN_EMPTY_BODY = YES;
				CLANG_WARN_ENUM_CONVERSION = YES;
				CLANG_WARN_INFINITE_RECURSION = YES;
				CLANG_WARN_INT_CONVERSION = YES;
				CLANG_WARN_NON_LITERAL_NULL_CONVERSION = YES;
				CLANG_WARN_OBJC_IMPLICIT_RETAIN_SELF = YES;
				CLANG_WARN_OBJC_LITERAL_CONVERSION = YES;
				CLANG_WARN_OBJC_ROOT_CLASS = YES_ERROR;
				CLANG_WARN_QUOTED_INCLUDE_IN_FRAMEWORK_HEADER = YES;
				CLANG_WARN_RANGE_LOOP_ANALYSIS = YES;
				CLANG_WARN_STRICT_PROTOTYPES = YES;
				CLANG_WARN_SUSPICIOUS_MOVE = YES;
				CLANG_WARN_UNGUARDED_AVAILABILITY = YES_AGGRESSIVE;
				CLANG_WARN_UNREACHABLE_CODE = YES;
				CLANG_WARN__DUPLICATE_METHOD_MATCH = YES;
				COPY_PHASE_STRIP = NO;
				DEBUG_INFORMATION_FORMAT = dwarf;
				ENABLE_STRICT_OBJC_MSGSEND = YES;
				ENABLE_TESTABILITY = YES;
				GCC_C_LANGUAGE_STANDARD = gnu11;
				GCC_DYNAMIC_NO_PIC = NO;
				GCC_NO_COMMON_BLOCKS = YES;
				GCC_OPTIMIZATION_LEVEL = 0;
				GCC_PREPROCESSOR_DEFINITIONS = (
					"DEBUG=1",
					"$(inherited)",
				);
				GCC_WARN_64_TO_32_BIT_CONVERSION = YES;
				GCC_WARN_ABOUT_RETURN_TYPE = YES_ERROR;
				GCC_WARN_UNDECLARED_SELECTOR = YES;
				GCC_WARN_UNINITIALIZED_AUTOS = YES_AGGRESSIVE;
				GCC_WARN_UNUSED_FUNCTION = YES;
				GCC_WARN_UNUSED_VARIABLE = YES;
				IPHONEOS_DEPLOYMENT_TARGET = 14.5;
				MTL_ENABLE_DEBUG_INFO = INCLUDE_SOURCE;
				MTL_FAST_MATH = YES;
				ONLY_ACTIVE_ARCH = YES;
				SDKROOT = iphoneos;
				SWIFT_ACTIVE_COMPILATION_CONDITIONS = DEBUG;
				SWIFT_OPTIMIZATION_LEVEL = "-Onone";
			};
			name = Debug;
		};
		39526CF426E9824F00E6C4D3 /* Release */ = {
			isa = XCBuildConfiguration;
			buildSettings = {
				ALWAYS_SEARCH_USER_PATHS = NO;
				CLANG_ANALYZER_NONNULL = YES;
				CLANG_ANALYZER_NUMBER_OBJECT_CONVERSION = YES_AGGRESSIVE;
				CLANG_CXX_LANGUAGE_STANDARD = "gnu++14";
				CLANG_CXX_LIBRARY = "libc++";
				CLANG_ENABLE_MODULES = YES;
				CLANG_ENABLE_OBJC_ARC = YES;
				CLANG_ENABLE_OBJC_WEAK = YES;
				CLANG_WARN_BLOCK_CAPTURE_AUTORELEASING = YES;
				CLANG_WARN_BOOL_CONVERSION = YES;
				CLANG_WARN_COMMA = YES;
				CLANG_WARN_CONSTANT_CONVERSION = YES;
				CLANG_WARN_DEPRECATED_OBJC_IMPLEMENTATIONS = YES;
				CLANG_WARN_DIRECT_OBJC_ISA_USAGE = YES_ERROR;
				CLANG_WARN_DOCUMENTATION_COMMENTS = YES;
				CLANG_WARN_EMPTY_BODY = YES;
				CLANG_WARN_ENUM_CONVERSION = YES;
				CLANG_WARN_INFINITE_RECURSION = YES;
				CLANG_WARN_INT_CONVERSION = YES;
				CLANG_WARN_NON_LITERAL_NULL_CONVERSION = YES;
				CLANG_WARN_OBJC_IMPLICIT_RETAIN_SELF = YES;
				CLANG_WARN_OBJC_LITERAL_CONVERSION = YES;
				CLANG_WARN_OBJC_ROOT_CLASS = YES_ERROR;
				CLANG_WARN_QUOTED_INCLUDE_IN_FRAMEWORK_HEADER = YES;
				CLANG_WARN_RANGE_LOOP_ANALYSIS = YES;
				CLANG_WARN_STRICT_PROTOTYPES = YES;
				CLANG_WARN_SUSPICIOUS_MOVE = YES;
				CLANG_WARN_UNGUARDED_AVAILABILITY = YES_AGGRESSIVE;
				CLANG_WARN_UNREACHABLE_CODE = YES;
				CLANG_WARN__DUPLICATE_METHOD_MATCH = YES;
				COPY_PHASE_STRIP = NO;
				DEBUG_INFORMATION_FORMAT = "dwarf-with-dsym";
				ENABLE_NS_ASSERTIONS = NO;
				ENABLE_STRICT_OBJC_MSGSEND = YES;
				GCC_C_LANGUAGE_STANDARD = gnu11;
				GCC_NO_COMMON_BLOCKS = YES;
				GCC_WARN_64_TO_32_BIT_CONVERSION = YES;
				GCC_WARN_ABOUT_RETURN_TYPE = YES_ERROR;
				GCC_WARN_UNDECLARED_SELECTOR = YES;
				GCC_WARN_UNINITIALIZED_AUTOS = YES_AGGRESSIVE;
				GCC_WARN_UNUSED_FUNCTION = YES;
				GCC_WARN_UNUSED_VARIABLE = YES;
				IPHONEOS_DEPLOYMENT_TARGET = 14.5;
				MTL_ENABLE_DEBUG_INFO = NO;
				MTL_FAST_MATH = YES;
				SDKROOT = iphoneos;
				SWIFT_COMPILATION_MODE = wholemodule;
				SWIFT_OPTIMIZATION_LEVEL = "-O";
				VALIDATE_PRODUCT = YES;
			};
			name = Release;
		};
		39526CF626E9824F00E6C4D3 /* Debug */ = {
			isa = XCBuildConfiguration;
			buildSettings = {
				ASSETCATALOG_COMPILER_APPICON_NAME = AppIcon;
				ASSETCATALOG_COMPILER_GLOBAL_ACCENT_COLOR_NAME = AccentColor;
				CODE_SIGN_STYLE = Automatic;
				INFOPLIST_FILE = MovieDB/Info.plist;
				LD_RUNPATH_SEARCH_PATHS = (
					"$(inherited)",
					"@executable_path/Frameworks",
				);
				PRODUCT_BUNDLE_IDENTIFIER = com.plebesoft.MovieDB;
				PRODUCT_NAME = "$(TARGET_NAME)";
				SWIFT_VERSION = 5.0;
				TARGETED_DEVICE_FAMILY = "1,2";
			};
			name = Debug;
		};
		39526CF726E9824F00E6C4D3 /* Release */ = {
			isa = XCBuildConfiguration;
			buildSettings = {
				ASSETCATALOG_COMPILER_APPICON_NAME = AppIcon;
				ASSETCATALOG_COMPILER_GLOBAL_ACCENT_COLOR_NAME = AccentColor;
				CODE_SIGN_STYLE = Automatic;
				INFOPLIST_FILE = MovieDB/Info.plist;
				LD_RUNPATH_SEARCH_PATHS = (
					"$(inherited)",
					"@executable_path/Frameworks",
				);
				PRODUCT_BUNDLE_IDENTIFIER = com.plebesoft.MovieDB;
				PRODUCT_NAME = "$(TARGET_NAME)";
				SWIFT_VERSION = 5.0;
				TARGETED_DEVICE_FAMILY = "1,2";
			};
			name = Release;
		};
		39526CF926E9824F00E6C4D3 /* Debug */ = {
			isa = XCBuildConfiguration;
			buildSettings = {
				ALWAYS_EMBED_SWIFT_STANDARD_LIBRARIES = YES;
				BUNDLE_LOADER = "$(TEST_HOST)";
				CODE_SIGN_STYLE = Automatic;
				INFOPLIST_FILE = MovieDBTests/Info.plist;
				IPHONEOS_DEPLOYMENT_TARGET = 14.5;
				LD_RUNPATH_SEARCH_PATHS = (
					"$(inherited)",
					"@executable_path/Frameworks",
					"@loader_path/Frameworks",
				);
				PRODUCT_BUNDLE_IDENTIFIER = com.plebesoft.MovieDBTests;
				PRODUCT_NAME = "$(TARGET_NAME)";
				SWIFT_VERSION = 5.0;
				TARGETED_DEVICE_FAMILY = "1,2";
				TEST_HOST = "$(BUILT_PRODUCTS_DIR)/MovieDB.app/MovieDB";
			};
			name = Debug;
		};
		39526CFA26E9824F00E6C4D3 /* Release */ = {
			isa = XCBuildConfiguration;
			buildSettings = {
				ALWAYS_EMBED_SWIFT_STANDARD_LIBRARIES = YES;
				BUNDLE_LOADER = "$(TEST_HOST)";
				CODE_SIGN_STYLE = Automatic;
				INFOPLIST_FILE = MovieDBTests/Info.plist;
				IPHONEOS_DEPLOYMENT_TARGET = 14.5;
				LD_RUNPATH_SEARCH_PATHS = (
					"$(inherited)",
					"@executable_path/Frameworks",
					"@loader_path/Frameworks",
				);
				PRODUCT_BUNDLE_IDENTIFIER = com.plebesoft.MovieDBTests;
				PRODUCT_NAME = "$(TARGET_NAME)";
				SWIFT_VERSION = 5.0;
				TARGETED_DEVICE_FAMILY = "1,2";
				TEST_HOST = "$(BUILT_PRODUCTS_DIR)/MovieDB.app/MovieDB";
			};
			name = Release;
		};
		39526CFC26E9824F00E6C4D3 /* Debug */ = {
			isa = XCBuildConfiguration;
			buildSettings = {
				ALWAYS_EMBED_SWIFT_STANDARD_LIBRARIES = YES;
				CODE_SIGN_STYLE = Automatic;
				INFOPLIST_FILE = MovieDBUITests/Info.plist;
				LD_RUNPATH_SEARCH_PATHS = (
					"$(inherited)",
					"@executable_path/Frameworks",
					"@loader_path/Frameworks",
				);
				PRODUCT_BUNDLE_IDENTIFIER = com.plebesoft.MovieDBUITests;
				PRODUCT_NAME = "$(TARGET_NAME)";
				SWIFT_VERSION = 5.0;
				TARGETED_DEVICE_FAMILY = "1,2";
				TEST_TARGET_NAME = MovieDB;
			};
			name = Debug;
		};
		39526CFD26E9824F00E6C4D3 /* Release */ = {
			isa = XCBuildConfiguration;
			buildSettings = {
				ALWAYS_EMBED_SWIFT_STANDARD_LIBRARIES = YES;
				CODE_SIGN_STYLE = Automatic;
				INFOPLIST_FILE = MovieDBUITests/Info.plist;
				LD_RUNPATH_SEARCH_PATHS = (
					"$(inherited)",
					"@executable_path/Frameworks",
					"@loader_path/Frameworks",
				);
				PRODUCT_BUNDLE_IDENTIFIER = com.plebesoft.MovieDBUITests;
				PRODUCT_NAME = "$(TARGET_NAME)";
				SWIFT_VERSION = 5.0;
				TARGETED_DEVICE_FAMILY = "1,2";
				TEST_TARGET_NAME = MovieDB;
			};
			name = Release;
		};
/* End XCBuildConfiguration section */

/* Begin XCConfigurationList section */
		39526CC626E9824D00E6C4D3 /* Build configuration list for PBXProject "MovieDB" */ = {
			isa = XCConfigurationList;
			buildConfigurations = (
				39526CF326E9824F00E6C4D3 /* Debug */,
				39526CF426E9824F00E6C4D3 /* Release */,
			);
			defaultConfigurationIsVisible = 0;
			defaultConfigurationName = Release;
		};
		39526CF526E9824F00E6C4D3 /* Build configuration list for PBXNativeTarget "MovieDB" */ = {
			isa = XCConfigurationList;
			buildConfigurations = (
				39526CF626E9824F00E6C4D3 /* Debug */,
				39526CF726E9824F00E6C4D3 /* Release */,
			);
			defaultConfigurationIsVisible = 0;
			defaultConfigurationName = Release;
		};
		39526CF826E9824F00E6C4D3 /* Build configuration list for PBXNativeTarget "MovieDBTests" */ = {
			isa = XCConfigurationList;
			buildConfigurations = (
				39526CF926E9824F00E6C4D3 /* Debug */,
				39526CFA26E9824F00E6C4D3 /* Release */,
			);
			defaultConfigurationIsVisible = 0;
			defaultConfigurationName = Release;
		};
		39526CFB26E9824F00E6C4D3 /* Build configuration list for PBXNativeTarget "MovieDBUITests" */ = {
			isa = XCConfigurationList;
			buildConfigurations = (
				39526CFC26E9824F00E6C4D3 /* Debug */,
				39526CFD26E9824F00E6C4D3 /* Release */,
			);
			defaultConfigurationIsVisible = 0;
			defaultConfigurationName = Release;
		};
/* End XCConfigurationList section */
	};
	rootObject = 39526CC326E9824D00E6C4D3 /* Project object */;
}
